
Microsoft Visual Studio Solution File, Format Version 12.00
# Visual Studio Version 17
VisualStudioVersion = 17.4.33205.214
MinimumVisualStudioVersion = 10.0.40219.1
Project("{FAE04EC0-301F-11D3-BF4B-00C04F79EFBC}") = "CalculadoraBD", "CalculadoraBD.csproj", "{A36E1DA5-B265-4C05-8B86-F0E91E6A410B}"
EndProject
Global
	GlobalSection(SolutionConfigurationPlatforms) = preSolution
		Debug|Any CPU = Debug|Any CPU
		Release|Any CPU = Release|Any CPU
	EndGlobalSection
	GlobalSection(ProjectConfigurationPlatforms) = postSolution
		{A36E1DA5-B265-4C05-8B86-F0E91E6A410B}.Debug|Any CPU.ActiveCfg = Debug|Any CPU
		{A36E1DA5-B265-4C05-8B86-F0E91E6A410B}.Debug|Any CPU.Build.0 = Debug|Any CPU
		{A36E1DA5-B265-4C05-8B86-F0E91E6A410B}.Release|Any CPU.ActiveCfg = Release|Any CPU
		{A36E1DA5-B265-4C05-8B86-F0E91E6A410B}.Release|Any CPU.Build.0 = Release|Any CPU
	EndGlobalSection
	GlobalSection(SolutionProperties) = preSolution
		HideSolutionNode = FALSE
	EndGlobalSection
	GlobalSection(ExtensibilityGlobals) = postSolution
		SolutionGuid = {6877D615-3C96-4A0A-8D9C-ADAD02CB86CB}
	EndGlobalSection
EndGlobal
